
Microsoft Visual Studio Solution File, Format Version 12.00
# Visual Studio Version 16
VisualStudioVersion = 16.0.31313.79
MinimumVisualStudioVersion = 10.0.40219.1
Project("{FAE04EC0-301F-11D3-BF4B-00C04F79EFBC}") = "Logical___programs", "Logical___programs\Logical___programs.csproj", "{28666A9A-1F62-4DFF-B460-0C5AC0B56235}"
EndProject
Global
	GlobalSection(SolutionConfigurationPlatforms) = preSolution
		Debug|Any CPU = Debug|Any CPU
		Release|Any CPU = Release|Any CPU
	EndGlobalSection
	GlobalSection(ProjectConfigurationPlatforms) = postSolution
		{28666A9A-1F62-4DFF-B460-0C5AC0B56235}.Debug|Any CPU.ActiveCfg = Debug|Any CPU
		{28666A9A-1F62-4DFF-B460-0C5AC0B56235}.Debug|Any CPU.Build.0 = Debug|Any CPU
		{28666A9A-1F62-4DFF-B460-0C5AC0B56235}.Release|Any CPU.ActiveCfg = Release|Any CPU
		{28666A9A-1F62-4DFF-B460-0C5AC0B56235}.Release|Any CPU.Build.0 = Release|Any CPU
	EndGlobalSection
	GlobalSection(SolutionProperties) = preSolution
		HideSolutionNode = FALSE
	EndGlobalSection
	GlobalSection(ExtensibilityGlobals) = postSolution
		SolutionGuid = {9D37B2B7-1873-4884-86BD-9DBD7AB4B93C}
	EndGlobalSection
EndGlobal
